
Microsoft Visual Studio Solution File, Format Version 12.00
# Visual Studio 15
VisualStudioVersion = 15.0.27428.2037
MinimumVisualStudioVersion = 10.0.40219.1
Project("{FAE04EC0-301F-11D3-BF4B-00C04F79EFBC}") = "ConsoleApp2", "ConsoleApp2\ConsoleApp2.csproj", "{1F27A286-E02C-46CD-8FEE-1FC11E244E3F}"
EndProject
Global
	GlobalSection(SolutionConfigurationPlatforms) = preSolution
		Debug|Any CPU = Debug|Any CPU
		Release|Any CPU = Release|Any CPU
	EndGlobalSection
	GlobalSection(ProjectConfigurationPlatforms) = postSolution
		{1F27A286-E02C-46CD-8FEE-1FC11E244E3F}.Debug|Any CPU.ActiveCfg = Debug|Any CPU
		{1F27A286-E02C-46CD-8FEE-1FC11E244E3F}.Debug|Any CPU.Build.0 = Debug|Any CPU
		{1F27A286-E02C-46CD-8FEE-1FC11E244E3F}.Release|Any CPU.ActiveCfg = Release|Any CPU
		{1F27A286-E02C-46CD-8FEE-1FC11E244E3F}.Release|Any CPU.Build.0 = Release|Any CPU
	EndGlobalSection
	GlobalSection(SolutionProperties) = preSolution
		HideSolutionNode = FALSE
	EndGlobalSection
	GlobalSection(ExtensibilityGlobals) = postSolution
		SolutionGuid = {AD9FC66C-A964-4432-9B6E-62E2DFA32CA6}
	EndGlobalSection
EndGlobal
