
Microsoft Visual Studio Solution File, Format Version 12.00
# Visual Studio 15
VisualStudioVersion = 15.0.27428.2043
MinimumVisualStudioVersion = 10.0.40219.1
Project("{FAE04EC0-301F-11D3-BF4B-00C04F79EFBC}") = "ScreenRecorder", "ScreenRecorder\ScreenRecorder.csproj", "{B234200E-55D8-42B8-9B97-D75F3EDDF21C}"
EndProject
Global
	GlobalSection(SolutionConfigurationPlatforms) = preSolution
		Debug|Any CPU = Debug|Any CPU
		Release|Any CPU = Release|Any CPU
	EndGlobalSection
	GlobalSection(ProjectConfigurationPlatforms) = postSolution
		{B234200E-55D8-42B8-9B97-D75F3EDDF21C}.Debug|Any CPU.ActiveCfg = Debug|Any CPU
		{B234200E-55D8-42B8-9B97-D75F3EDDF21C}.Debug|Any CPU.Build.0 = Debug|Any CPU
		{B234200E-55D8-42B8-9B97-D75F3EDDF21C}.Release|Any CPU.ActiveCfg = Release|Any CPU
		{B234200E-55D8-42B8-9B97-D75F3EDDF21C}.Release|Any CPU.Build.0 = Release|Any CPU
	EndGlobalSection
	GlobalSection(SolutionProperties) = preSolution
		HideSolutionNode = FALSE
	EndGlobalSection
	GlobalSection(ExtensibilityGlobals) = postSolution
		SolutionGuid = {37F48A5C-7912-43E5-B3A6-0711F2B508F1}
	EndGlobalSection
EndGlobal
