
Microsoft Visual Studio Solution File, Format Version 12.00
# Visual Studio 15
VisualStudioVersion = 15.0.27428.2027
MinimumVisualStudioVersion = 10.0.40219.1
Project("{FAE04EC0-301F-11D3-BF4B-00C04F79EFBC}") = "WindowsFormsApp1", "WindowsFormsApp1\WindowsFormsApp1.csproj", "{156E669D-B2D8-42EF-9325-8EBDE8ABC096}"
EndProject
Project("{8BC9CEB8-8B4A-11D0-8D11-00A0C91BC942}") = "ConsoleApplication1", "ConsoleApplication1\ConsoleApplication1.vcxproj", "{CC703699-550E-4D3C-B92B-D7F01673CDE6}"
EndProject
Global
	GlobalSection(SolutionConfigurationPlatforms) = preSolution
		Debug|Any CPU = Debug|Any CPU
		Debug|x64 = Debug|x64
		Debug|x86 = Debug|x86
		Release|Any CPU = Release|Any CPU
		Release|x64 = Release|x64
		Release|x86 = Release|x86
	EndGlobalSection
	GlobalSection(ProjectConfigurationPlatforms) = postSolution
		{156E669D-B2D8-42EF-9325-8EBDE8ABC096}.Debug|Any CPU.ActiveCfg = Debug|Any CPU
		{156E669D-B2D8-42EF-9325-8EBDE8ABC096}.Debug|Any CPU.Build.0 = Debug|Any CPU
		{156E669D-B2D8-42EF-9325-8EBDE8ABC096}.Debug|x64.ActiveCfg = Debug|Any CPU
		{156E669D-B2D8-42EF-9325-8EBDE8ABC096}.Debug|x64.Build.0 = Debug|Any CPU
		{156E669D-B2D8-42EF-9325-8EBDE8ABC096}.Debug|x86.ActiveCfg = Debug|Any CPU
		{156E669D-B2D8-42EF-9325-8EBDE8ABC096}.Debug|x86.Build.0 = Debug|Any CPU
		{156E669D-B2D8-42EF-9325-8EBDE8ABC096}.Release|Any CPU.ActiveCfg = Release|Any CPU
		{156E669D-B2D8-42EF-9325-8EBDE8ABC096}.Release|Any CPU.Build.0 = Release|Any CPU
		{156E669D-B2D8-42EF-9325-8EBDE8ABC096}.Release|x64.ActiveCfg = Release|Any CPU
		{156E669D-B2D8-42EF-9325-8EBDE8ABC096}.Release|x64.Build.0 = Release|Any CPU
		{156E669D-B2D8-42EF-9325-8EBDE8ABC096}.Release|x86.ActiveCfg = Release|Any CPU
		{156E669D-B2D8-42EF-9325-8EBDE8ABC096}.Release|x86.Build.0 = Release|Any CPU
		{CC703699-550E-4D3C-B92B-D7F01673CDE6}.Debug|Any CPU.ActiveCfg = Debug|Win32
		{CC703699-550E-4D3C-B92B-D7F01673CDE6}.Debug|x64.ActiveCfg = Debug|x64
		{CC703699-550E-4D3C-B92B-D7F01673CDE6}.Debug|x64.Build.0 = Debug|x64
		{CC703699-550E-4D3C-B92B-D7F01673CDE6}.Debug|x86.ActiveCfg = Debug|Win32
		{CC703699-550E-4D3C-B92B-D7F01673CDE6}.Debug|x86.Build.0 = Debug|Win32
		{CC703699-550E-4D3C-B92B-D7F01673CDE6}.Release|Any CPU.ActiveCfg = Release|Win32
		{CC703699-550E-4D3C-B92B-D7F01673CDE6}.Release|x64.ActiveCfg = Release|x64
		{CC703699-550E-4D3C-B92B-D7F01673CDE6}.Release|x64.Build.0 = Release|x64
		{CC703699-550E-4D3C-B92B-D7F01673CDE6}.Release|x86.ActiveCfg = Release|Win32
		{CC703699-550E-4D3C-B92B-D7F01673CDE6}.Release|x86.Build.0 = Release|Win32
	EndGlobalSection
	GlobalSection(SolutionProperties) = preSolution
		HideSolutionNode = FALSE
	EndGlobalSection
	GlobalSection(ExtensibilityGlobals) = postSolution
		SolutionGuid = {247255FA-2B9F-4515-A46D-BEFB445C6F05}
	EndGlobalSection
	GlobalSection(TeamFoundationVersionControl) = preSolution
		SccNumberOfProjects = 3
		SccEnterpriseProvider = {4CA58AB2-18FA-4F8D-95D4-32DDF27D184C}
		SccTeamFoundationServer = https://jsmingzi.visualstudio.com/
		SccLocalPath0 = .
		SccProjectUniqueName1 = WindowsFormsApp1\\WindowsFormsApp1.csproj
		SccProjectName1 = WindowsFormsApp1
		SccLocalPath1 = WindowsFormsApp1
		SccProjectUniqueName2 = ConsoleApplication1\\ConsoleApplication1.vcxproj
		SccProjectName2 = ConsoleApplication1
		SccLocalPath2 = ConsoleApplication1
	EndGlobalSection
EndGlobal
