
Microsoft Visual Studio Solution File, Format Version 12.00
# Visual Studio 15
VisualStudioVersion = 15.0.27428.2037
MinimumVisualStudioVersion = 10.0.40219.1
Project("{FAE04EC0-301F-11D3-BF4B-00C04F79EFBC}") = "ConsoleApp5", "ConsoleApp5\ConsoleApp5.csproj", "{3B0BBB7B-E858-491E-A652-C7EEA2BDDFBF}"
EndProject
Global
	GlobalSection(SolutionConfigurationPlatforms) = preSolution
		Debug|Any CPU = Debug|Any CPU
		Release|Any CPU = Release|Any CPU
	EndGlobalSection
	GlobalSection(ProjectConfigurationPlatforms) = postSolution
		{3B0BBB7B-E858-491E-A652-C7EEA2BDDFBF}.Debug|Any CPU.ActiveCfg = Debug|Any CPU
		{3B0BBB7B-E858-491E-A652-C7EEA2BDDFBF}.Debug|Any CPU.Build.0 = Debug|Any CPU
		{3B0BBB7B-E858-491E-A652-C7EEA2BDDFBF}.Release|Any CPU.ActiveCfg = Release|Any CPU
		{3B0BBB7B-E858-491E-A652-C7EEA2BDDFBF}.Release|Any CPU.Build.0 = Release|Any CPU
	EndGlobalSection
	GlobalSection(SolutionProperties) = preSolution
		HideSolutionNode = FALSE
	EndGlobalSection
	GlobalSection(ExtensibilityGlobals) = postSolution
		SolutionGuid = {1937D50B-4F2F-489C-A16D-F998D56A23AC}
	EndGlobalSection
EndGlobal
