
Microsoft Visual Studio Solution File, Format Version 12.00
# Visual Studio 15
VisualStudioVersion = 15.0.27428.2037
MinimumVisualStudioVersion = 10.0.40219.1
Project("{FAE04EC0-301F-11D3-BF4B-00C04F79EFBC}") = "ConsoleApp4", "ConsoleApp4\ConsoleApp4.csproj", "{C7E65228-A7D2-4AA3-97BA-0B10A97AC131}"
EndProject
Project("{FAE04EC0-301F-11D3-BF4B-00C04F79EFBC}") = "ConsoleAppClient", "ConsoleAppClient\ConsoleAppClient.csproj", "{DE00DFCE-2782-409D-89EA-F7D11EA793B1}"
EndProject
Project("{8BC9CEB8-8B4A-11D0-8D11-00A0C91BC942}") = "ConsoleApplication1", "ConsoleApplication1\ConsoleApplication1.vcxproj", "{52BCF01B-23C6-4AE5-A789-AB2FFF1872E5}"
EndProject
Project("{FAE04EC0-301F-11D3-BF4B-00C04F79EFBC}") = "encrypt", "encrypt\encrypt.csproj", "{53E08EA0-093E-4F6E-BA5A-0423897AB12B}"
EndProject
Global
	GlobalSection(SolutionConfigurationPlatforms) = preSolution
		Debug|Any CPU = Debug|Any CPU
		Debug|x64 = Debug|x64
		Debug|x86 = Debug|x86
		Release|Any CPU = Release|Any CPU
		Release|x64 = Release|x64
		Release|x86 = Release|x86
	EndGlobalSection
	GlobalSection(ProjectConfigurationPlatforms) = postSolution
		{C7E65228-A7D2-4AA3-97BA-0B10A97AC131}.Debug|Any CPU.ActiveCfg = Debug|Any CPU
		{C7E65228-A7D2-4AA3-97BA-0B10A97AC131}.Debug|Any CPU.Build.0 = Debug|Any CPU
		{C7E65228-A7D2-4AA3-97BA-0B10A97AC131}.Debug|x64.ActiveCfg = Debug|Any CPU
		{C7E65228-A7D2-4AA3-97BA-0B10A97AC131}.Debug|x64.Build.0 = Debug|Any CPU
		{C7E65228-A7D2-4AA3-97BA-0B10A97AC131}.Debug|x86.ActiveCfg = Debug|Any CPU
		{C7E65228-A7D2-4AA3-97BA-0B10A97AC131}.Debug|x86.Build.0 = Debug|Any CPU
		{C7E65228-A7D2-4AA3-97BA-0B10A97AC131}.Release|Any CPU.ActiveCfg = Release|Any CPU
		{C7E65228-A7D2-4AA3-97BA-0B10A97AC131}.Release|Any CPU.Build.0 = Release|Any CPU
		{C7E65228-A7D2-4AA3-97BA-0B10A97AC131}.Release|x64.ActiveCfg = Release|Any CPU
		{C7E65228-A7D2-4AA3-97BA-0B10A97AC131}.Release|x64.Build.0 = Release|Any CPU
		{C7E65228-A7D2-4AA3-97BA-0B10A97AC131}.Release|x86.ActiveCfg = Release|Any CPU
		{C7E65228-A7D2-4AA3-97BA-0B10A97AC131}.Release|x86.Build.0 = Release|Any CPU
		{DE00DFCE-2782-409D-89EA-F7D11EA793B1}.Debug|Any CPU.ActiveCfg = Debug|Any CPU
		{DE00DFCE-2782-409D-89EA-F7D11EA793B1}.Debug|Any CPU.Build.0 = Debug|Any CPU
		{DE00DFCE-2782-409D-89EA-F7D11EA793B1}.Debug|x64.ActiveCfg = Debug|Any CPU
		{DE00DFCE-2782-409D-89EA-F7D11EA793B1}.Debug|x64.Build.0 = Debug|Any CPU
		{DE00DFCE-2782-409D-89EA-F7D11EA793B1}.Debug|x86.ActiveCfg = Debug|Any CPU
		{DE00DFCE-2782-409D-89EA-F7D11EA793B1}.Debug|x86.Build.0 = Debug|Any CPU
		{DE00DFCE-2782-409D-89EA-F7D11EA793B1}.Release|Any CPU.ActiveCfg = Release|Any CPU
		{DE00DFCE-2782-409D-89EA-F7D11EA793B1}.Release|Any CPU.Build.0 = Release|Any CPU
		{DE00DFCE-2782-409D-89EA-F7D11EA793B1}.Release|x64.ActiveCfg = Release|Any CPU
		{DE00DFCE-2782-409D-89EA-F7D11EA793B1}.Release|x64.Build.0 = Release|Any CPU
		{DE00DFCE-2782-409D-89EA-F7D11EA793B1}.Release|x86.ActiveCfg = Release|Any CPU
		{DE00DFCE-2782-409D-89EA-F7D11EA793B1}.Release|x86.Build.0 = Release|Any CPU
		{52BCF01B-23C6-4AE5-A789-AB2FFF1872E5}.Debug|Any CPU.ActiveCfg = Debug|Win32
		{52BCF01B-23C6-4AE5-A789-AB2FFF1872E5}.Debug|x64.ActiveCfg = Debug|x64
		{52BCF01B-23C6-4AE5-A789-AB2FFF1872E5}.Debug|x64.Build.0 = Debug|x64
		{52BCF01B-23C6-4AE5-A789-AB2FFF1872E5}.Debug|x86.ActiveCfg = Debug|Win32
		{52BCF01B-23C6-4AE5-A789-AB2FFF1872E5}.Debug|x86.Build.0 = Debug|Win32
		{52BCF01B-23C6-4AE5-A789-AB2FFF1872E5}.Release|Any CPU.ActiveCfg = Release|Win32
		{52BCF01B-23C6-4AE5-A789-AB2FFF1872E5}.Release|x64.ActiveCfg = Release|x64
		{52BCF01B-23C6-4AE5-A789-AB2FFF1872E5}.Release|x64.Build.0 = Release|x64
		{52BCF01B-23C6-4AE5-A789-AB2FFF1872E5}.Release|x86.ActiveCfg = Release|Win32
		{52BCF01B-23C6-4AE5-A789-AB2FFF1872E5}.Release|x86.Build.0 = Release|Win32
		{53E08EA0-093E-4F6E-BA5A-0423897AB12B}.Debug|Any CPU.ActiveCfg = Debug|Any CPU
		{53E08EA0-093E-4F6E-BA5A-0423897AB12B}.Debug|Any CPU.Build.0 = Debug|Any CPU
		{53E08EA0-093E-4F6E-BA5A-0423897AB12B}.Debug|x64.ActiveCfg = Debug|Any CPU
		{53E08EA0-093E-4F6E-BA5A-0423897AB12B}.Debug|x64.Build.0 = Debug|Any CPU
		{53E08EA0-093E-4F6E-BA5A-0423897AB12B}.Debug|x86.ActiveCfg = Debug|Any CPU
		{53E08EA0-093E-4F6E-BA5A-0423897AB12B}.Debug|x86.Build.0 = Debug|Any CPU
		{53E08EA0-093E-4F6E-BA5A-0423897AB12B}.Release|Any CPU.ActiveCfg = Release|Any CPU
		{53E08EA0-093E-4F6E-BA5A-0423897AB12B}.Release|Any CPU.Build.0 = Release|Any CPU
		{53E08EA0-093E-4F6E-BA5A-0423897AB12B}.Release|x64.ActiveCfg = Release|Any CPU
		{53E08EA0-093E-4F6E-BA5A-0423897AB12B}.Release|x64.Build.0 = Release|Any CPU
		{53E08EA0-093E-4F6E-BA5A-0423897AB12B}.Release|x86.ActiveCfg = Release|Any CPU
		{53E08EA0-093E-4F6E-BA5A-0423897AB12B}.Release|x86.Build.0 = Release|Any CPU
	EndGlobalSection
	GlobalSection(SolutionProperties) = preSolution
		HideSolutionNode = FALSE
	EndGlobalSection
	GlobalSection(ExtensibilityGlobals) = postSolution
		SolutionGuid = {4BFD2237-7F67-4D4F-9DF3-572E5F5E39FE}
	EndGlobalSection
EndGlobal
